<Solution>
  <Folder Name="/Docs/">
    <File Path="Docs/ExecutionAlgorithm.md" />
    <File Path="Docs/RevitCrashes.md" />
    <File Path="ALGORITHM_ANALYSIS_REPORT.md" />
    <File Path="Docs/ADR.md" />
    <File Path="Docs/TODO.md" />
  </Folder>
  <Project Path="TelegramBot.Core\TelegramBot.Core.csproj" />
  <Project Path="TelegramBot.Data\TelegramBot.Data.csproj" />
  <Project Path="TelegramBot.Server\TelegramBot.Server.csproj" />
  <Project Path="TelegramBot.Worker\TelegramBot.Worker.csproj" />
</Solution>
