<Solution>
  <Project Path="TelegramBot.Core\TelegramBot.Core.csproj" />
  <Project Path="TelegramBot.Data\TelegramBot.Data.csproj" />
  <Project Path="TelegramBot.Server\TelegramBot.Server.csproj" />
  <Project Path="TelegramBot.Worker\TelegramBot.Worker.csproj" />
  <Project Path="TelegramBot.RootPathSetup\TelegramBot.RootPathSetup.csproj" />
  <Project Path="Installer\PostgresConnectionCheck\PostgresConnectionCheck.csproj" />
  <Folder Name="/Installer/">
    <File Path="Installer\TelegramBot.iss" />
    <File Path="Installer\Installer.build.proj" />
  </Folder>
</Solution>
